# This file is automatically @generated by Cargo.
# It is not intended for manual editing.
version = 4

[[package]]
name = "aulas-rust"
version = "0.1.0"
dependencies = [
 "string",
]

[[package]]
name = "bytes"
version = "1.12.1"
source = "registry+https://github.com/rust-lang/crates.io-index"
checksum = "fc652a48c352aef3ea3aed32080501cf3ef6ed5da78602a020c991775b0aff04"

[[package]]
name = "string"
version = "0.3.1"
source = "registry+https://github.com/rust-lang/crates.io-index"
checksum = "73d5d847c1450954c3bcc99db14566d9e4c6ab0736a928bc366d5265e45031e2"
dependencies = [
 "bytes",
]
